
Microsoft Visual Studio Solution File, Format Version 12.00
# Visual Studio Version 17
VisualStudioVersion = 17.13.35806.99 d17.13
MinimumVisualStudioVersion = 10.0.40219.1
Project("{FAE04EC0-301F-11D3-BF4B-00C04F79EFBC}") = "Test3", "Test3\Test3.csproj", "{96BF0EEF-8934-4733-867D-7476EA833D9A}"
EndProject
Global
	GlobalSection(SolutionConfigurationPlatforms) = preSolution
		Debug|Any CPU = Debug|Any CPU
		Release|Any CPU = Release|Any CPU
	EndGlobalSection
	GlobalSection(ProjectConfigurationPlatforms) = postSolution
		{96BF0EEF-8934-4733-867D-7476EA833D9A}.Debug|Any CPU.ActiveCfg = Debug|Any CPU
		{96BF0EEF-8934-4733-867D-7476EA833D9A}.Debug|Any CPU.Build.0 = Debug|Any CPU
		{96BF0EEF-8934-4733-867D-7476EA833D9A}.Release|Any CPU.ActiveCfg = Release|Any CPU
		{96BF0EEF-8934-4733-867D-7476EA833D9A}.Release|Any CPU.Build.0 = Release|Any CPU
	EndGlobalSection
	GlobalSection(SolutionProperties) = preSolution
		HideSolutionNode = FALSE
	EndGlobalSection
	GlobalSection(ExtensibilityGlobals) = postSolution
		SolutionGuid = {50E8B5C9-8556-43FD-8A58-BD8B252191C4}
	EndGlobalSection
EndGlobal
